
Microsoft Visual Studio Solution File, Format Version 12.00
# Visual Studio Version 17
VisualStudioVersion = 17.5.33414.496
MinimumVisualStudioVersion = 10.0.40219.1
Project("{FAE04EC0-301F-11D3-BF4B-00C04F79EFBC}") = "SalesAPI", "SalesAPI.csproj", "{98461EE9-9875-44CB-8348-E4D6A082D468}"
EndProject
Global
	GlobalSection(SolutionConfigurationPlatforms) = preSolution
		Debug|Any CPU = Debug|Any CPU
		Release|Any CPU = Release|Any CPU
	EndGlobalSection
	GlobalSection(ProjectConfigurationPlatforms) = postSolution
		{98461EE9-9875-44CB-8348-E4D6A082D468}.Debug|Any CPU.ActiveCfg = Debug|Any CPU
		{98461EE9-9875-44CB-8348-E4D6A082D468}.Debug|Any CPU.Build.0 = Debug|Any CPU
		{98461EE9-9875-44CB-8348-E4D6A082D468}.Release|Any CPU.ActiveCfg = Release|Any CPU
		{98461EE9-9875-44CB-8348-E4D6A082D468}.Release|Any CPU.Build.0 = Release|Any CPU
	EndGlobalSection
	GlobalSection(SolutionProperties) = preSolution
		HideSolutionNode = FALSE
	EndGlobalSection
	GlobalSection(ExtensibilityGlobals) = postSolution
		SolutionGuid = {E1E5385D-85F9-4FC3-BBB3-A352A2124858}
	EndGlobalSection
EndGlobal
